PODS:
  - Alamofire (4.9.1)
  - SDWebImage (5.4.2):
    - SDWebImage/Core (= 5.4.2)
  - SDWebImage/Core (5.4.2)

DEPENDENCIES:
  - Alamofire
  - SDWebImage

SPEC REPOS:
  trunk:
    - Alamofire
    - SDWebImage

SPEC CHECKSUMS:
  Alamofire: 85e8a02c69d6020a0d734f6054870d7ecb75cf18
  SDWebImage: 4ca2dc4eefae4224bea8f504251cda485a363745

PODFILE CHECKSUM: 37843d4da144286a2f68e20a7936dc5adc705bab

COCOAPODS: 1.8.4
